NeoBundleLock Align 787662fe90cd057942bc5b682fd70c87e1a9dd77
NeoBundleLock benchvimrc-vim 00c5e2299d3c7fcba2ae4218ad7a8ebdf45e7737
NeoBundleLock caw.vim ba5d4ccfe10db5989311e7210041744fb2043e83
NeoBundleLock clever-f.vim 792b761dedace1e3ddac706e0f0dc38b634ed158
NeoBundleLock codic-vim 8d722771e14f781907db0bd5ac20bf81af2fc32e
NeoBundleLock editorconfig-vim f62d9ed92f8616ad84753b499fe86e782471cc7c
NeoBundleLock hl_matchit.vim 7e9cd42556e7782d84b06df8c615e3d822cf6297
NeoBundleLock lightline.vim a63a00d548fd20457a4f31d31fb9c8fe8a7ebc2a
NeoBundleLock neobundle.vim c6fa48cd665071b7a4dbf5ab53f48cd5884716ee
NeoBundleLock neocomplete.vim 9617d825c0d4acdb18aec903e9c1c0443058d18b
NeoBundleLock neomru.vim c7bf447627679a3f06f0f3caf893b0497d0aa90b
NeoBundleLock neosnippet affc71bd9f1e19f5092c69c6f04c618b78324a36
NeoBundleLock neosnippet-snippets 2a9487bacb924d8e870612b6b0a2afb34deea0ae
NeoBundleLock operator-camelize.vim 1d029632bc7ba28a8ecf59274d2b958046348611
NeoBundleLock ruby_hl_lvar.vim fd52ba13f1b5fee2a4413de9704ef91ea3ffdfc4
NeoBundleLock scss-syntax.vim 4461789d02f81fd328afbdf27d6404b6c763c25f
NeoBundleLock syntastic b2b125cfade75468faef6ac87742a78f2de26bfa
NeoBundleLock unite-codic.vim d4192cec186979393d6c985a937a346afedfefce
NeoBundleLock unite-outline 962aaa61d5585634c15c3a7071df7c6a12c5e3cd
NeoBundleLock unite.vim 97e634117ff05d3c867d625940da5c7947cebf63
NeoBundleLock vim-alignta cb3d593c48d7d3aef829b5aff49ddade24417a9f
NeoBundleLock vim-altercmd 69b471b3b215bbebd2580d1663dc811f9a09b25a
NeoBundleLock vim-colors-solarized 528a59f26d12278698bb946f8fb82a63711eec21
NeoBundleLock vim-easymotion 19d00afefe5a1b8f6d891ce0b73dcde38c718fdd
NeoBundleLock vim-endwise 0ed0e734cd58873f842ff581d5c746463788bd4a
NeoBundleLock vim-gitgutter 9ecce5a269bdbb0c5081d00b412ec41c562b6155
NeoBundleLock vim-go b4936d89bd1480a864382108b49ebf5d2d16728a
NeoBundleLock vim-javascript f786167f9e394ed9e38198b3914e5a22bd885f58
NeoBundleLock vim-javascript-syntax 490a0fbb7cc336630bf5a8759c2a774dcacf22f4
NeoBundleLock vim-operator-user c3dfd41c1ed516b4b901c97562e644de62c367aa
NeoBundleLock vim-quickrun 98889e1fc0f7136262c4dd7c312b82879df16486
NeoBundleLock vim-rails a527414884ea3ed8069d69fa8beca2f2203e4a52
NeoBundleLock vim-ref b45d10f6d0c82e3afd17774626e952fde03274a1
NeoBundleLock vim-ref-ri be7057de4a039969738108234463fc2ad6dae1a0
NeoBundleLock vim-rubocop 1c57918086d22cc9db829125f6b78226feae86a3
NeoBundleLock vim-tags e75dea76e488d9208ed73c53c46a4abee2695115
NeoBundleLock vim-tmux-navigator 2fc1ed42ab580ab47c506ab0bef09f1dbb9ff04d
NeoBundleLock vimfiler 72c37e897d09a8749417a3322a25ee45aa3a4ed3
NeoBundleLock vimproc.vim 25cb83f24edec4aec1e9f1329302235e7a7a7fe0
NeoBundleLock vison 97f2d03716cfb9839429d56cce10502703e8f976
